
Microsoft Visual Studio Solution File, Format Version 12.00
# Visual Studio 14
VisualStudioVersion = 14.0.25420.1
MinimumVisualStudioVersion = 10.0.40219.1
Project("{FAE04EC0-301F-11D3-BF4B-00C04F79EFBC}") = "Socket", "Socket\Socket.csproj", "{9D5C229B-B690-4B34-BC1F-AA43863CAAD6}"
EndProject
Project("{FAE04EC0-301F-11D3-BF4B-00C04F79EFBC}") = "SocketLibrary", "SocketLibrary\SocketLibrary.csproj", "{87E52E26-8F15-4C43-9FA9-7D1269648C0D}"
EndProject
Global
	GlobalSection(SolutionConfigurationPlatforms) = preSolution
		Debug|Any CPU = Debug|Any CPU
		Release|Any CPU = Release|Any CPU
	EndGlobalSection
	GlobalSection(ProjectConfigurationPlatforms) = postSolution
		{9D5C229B-B690-4B34-BC1F-AA43863CAAD6}.Debug|Any CPU.ActiveCfg = Debug|Any CPU
		{9D5C229B-B690-4B34-BC1F-AA43863CAAD6}.Debug|Any CPU.Build.0 = Debug|Any CPU
		{9D5C229B-B690-4B34-BC1F-AA43863CAAD6}.Release|Any CPU.ActiveCfg = Release|Any CPU
		{9D5C229B-B690-4B34-BC1F-AA43863CAAD6}.Release|Any CPU.Build.0 = Release|Any CPU
		{87E52E26-8F15-4C43-9FA9-7D1269648C0D}.Debug|Any CPU.ActiveCfg = Debug|Any CPU
		{87E52E26-8F15-4C43-9FA9-7D1269648C0D}.Debug|Any CPU.Build.0 = Debug|Any CPU
		{87E52E26-8F15-4C43-9FA9-7D1269648C0D}.Release|Any CPU.ActiveCfg = Release|Any CPU
		{87E52E26-8F15-4C43-9FA9-7D1269648C0D}.Release|Any CPU.Build.0 = Release|Any CPU
	EndGlobalSection
	GlobalSection(SolutionProperties) = preSolution
		HideSolutionNode = FALSE
	EndGlobalSection
EndGlobal
